// !$*UTF8*$!
{
	archiveVersion = 1;
	classes = {
	};
	objectVersion = 50;
	objects = {

/* Begin PBXBuildFile section */
		3C85075427825E8C00A8D017 /* QuestionViewController.swift in Sources */ = {isa = PBXBuildFile; fileRef = 3C85075327825E8C00A8D017 /* QuestionViewController.swift */; };
		A0CDC34C2774F49000E6E446 /* AppDelegate.swift in Sources */ = {isa = PBXBuildFile; fileRef = A0CDC34B2774F49000E6E446 /* AppDelegate.swift */; };
		A0CDC34E2774F49000E6E446 /* SceneDelegate.swift in Sources */ = {isa = PBXBuildFile; fileRef = A0CDC34D2774F49000E6E446 /* SceneDelegate.swift */; };
		A0CDC3502774F49000E6E446 /* ConversionViewController.swift in Sources */ = {isa = PBXBuildFile; fileRef = A0CDC34F2774F49000E6E446 /* ConversionViewController.swift */; };
		A0CDC3532774F49000E6E446 /* Main.storyboard in Resources */ = {isa = PBXBuildFile; fileRef = A0CDC3512774F49000E6E446 /* Main.storyboard */; };
		A0CDC3552774F49100E6E446 /* Assets.xcassets in Resources */ = {isa = PBXBuildFile; fileRef = A0CDC3542774F49100E6E446 /* Assets.xcassets */; };
		A0CDC3582774F49100E6E446 /* LaunchScreen.storyboard in Resources */ = {isa = PBXBuildFile; fileRef = A0CDC3562774F49100E6E446 /* LaunchScreen.storyboard */; };
		A0CDC3632774F49200E6E446 /* WorldTrotterTests.swift in Sources */ = {isa = PBXBuildFile; fileRef = A0CDC3622774F49200E6E446 /* WorldTrotterTests.swift */; };
		A0CDC36E2774F49200E6E446 /* WorldTrotterUITests.swift in Sources */ = {isa = PBXBuildFile; fileRef = A0CDC36D2774F49200E6E446 /* WorldTrotterUITests.swift */; };
		A0CDC3822779296A00E6E446 /* MapViewController.swift in Sources */ = {isa = PBXBuildFile; fileRef = A0CDC3812779296A00E6E446 /* MapViewController.swift */; };
/* End PBXBuildFile section */

/* Begin PBXContainerItemProxy section */
		A0CDC35F2774F49200E6E446 /* PBXContainerItemProxy */ = {
			isa = PBXContainerItemProxy;
			containerPortal = A0CDC3402774F49000E6E446 /* Project object */;
			proxyType = 1;
			remoteGlobalIDString = A0CDC3472774F49000E6E446;
			remoteInfo = WorldTrotter;
		};
		A0CDC36A2774F49200E6E446 /* PBXContainerItemProxy */ = {
			isa = PBXContainerItemProxy;
			containerPortal = A0CDC3402774F49000E6E446 /* Project object */;
			proxyType = 1;
			remoteGlobalIDString = A0CDC3472774F49000E6E446;
			remoteInfo = WorldTrotter;
		};
/* End PBXContainerItemProxy section */

/* Begin PBXFileReference section */
		3C85075327825E8C00A8D017 /* QuestionViewController.swift */ = {isa = PBXFileReference; fileEncoding = 4; lastKnownFileType = sourcecode.swift; name = QuestionViewController.swift; path = ../../Simple_Flashcards/Simple_Flashcards/QuestionViewController.swift; sourceTree = "<group>"; };
		A0CDC3482774F49000E6E446 /* WorldTrotter.app */ = {isa = PBXFileReference; explicitFileType = wrapper.application; includeInIndex = 0; path = WorldTrotter.app; sourceTree = BUILT_PRODUCTS_DIR; };
		A0CDC34B2774F49000E6E446 /* AppDelegate.swift */ = {isa = PBXFileReference; lastKnownFileType = sourcecode.swift; path = AppDelegate.swift; sourceTree = "<group>"; };
		A0CDC34D2774F49000E6E446 /* SceneDelegate.swift */ = {isa = PBXFileReference; lastKnownFileType = sourcecode.swift; path = SceneDelegate.swift; sourceTree = "<group>"; };
		A0CDC34F2774F49000E6E446 /* ConversionViewController.swift */ = {isa = PBXFileReference; lastKnownFileType = sourcecode.swift; path = ConversionViewController.swift; sourceTree = "<group>"; };
		A0CDC3522774F49000E6E446 /* Base */ = {isa = PBXFileReference; lastKnownFileType = file.storyboard; name = Base; path = Base.lproj/Main.storyboard; sourceTree = "<group>"; };
		A0CDC3542774F49100E6E446 /* Assets.xcassets */ = {isa = PBXFileReference; lastKnownFileType = folder.assetcatalog; path = Assets.xcassets; sourceTree = "<group>"; };
		A0CDC3572774F49100E6E446 /* Base */ = {isa = PBXFileReference; lastKnownFileType = file.storyboard; name = Base; path = Base.lproj/LaunchScreen.storyboard; sourceTree = "<group>"; };
		A0CDC3592774F49100E6E446 /* Info.plist */ = {isa = PBXFileReference; lastKnownFileType = text.plist.xml; path = Info.plist; sourceTree = "<group>"; };
		A0CDC35E2774F49200E6E446 /* WorldTrotterTests.xctest */ = {isa = PBXFileReference; explicitFileType = wrapper.cfbundle; includeInIndex = 0; path = WorldTrotterTests.xctest; sourceTree = BUILT_PRODUCTS_DIR; };
		A0CDC3622774F49200E6E446 /* WorldTrotterTests.swift */ = {isa = PBXFileReference; lastKnownFileType = sourcecode.swift; path = WorldTrotterTests.swift; sourceTree = "<group>"; };
		A0CDC3642774F49200E6E446 /* Info.plist */ = {isa = PBXFileReference; lastKnownFileType = text.plist.xml; path = Info.plist; sourceTree = "<group>"; };
		A0CDC3692774F49200E6E446 /* WorldTrotterUITests.xctest */ = {isa = PBXFileReference; explicitFileType = wrapper.cfbundle; includeInIndex = 0; path = WorldTrotterUITests.xctest; sourceTree = BUILT_PRODUCTS_DIR; };
		A0CDC36D2774F49200E6E446 /* WorldTrotterUITests.swift */ = {isa = PBXFileReference; lastKnownFileType = sourcecode.swift; path = WorldTrotterUITests.swift; sourceTree = "<group>"; };
		A0CDC36F2774F49200E6E446 /* Info.plist */ = {isa = PBXFileReference; lastKnownFileType = text.plist.xml; path = Info.plist; sourceTree = "<group>"; };
		A0CDC3812779296A00E6E446 /* MapViewController.swift */ = {isa = PBXFileReference; lastKnownFileType = sourcecode.swift; path = MapViewController.swift; sourceTree = "<group>"; };
/* End PBXFileReference section */

/* Begin PBXFrameworksBuildPhase section */
		A0CDC3452774F49000E6E446 /* Frameworks */ = {
			isa = PBXFrameworksBuildPhase;
			buildActionMask = 2147483647;
			files = (
			);
			runOnlyForDeploymentPostprocessing = 0;
		};
		A0CDC35B2774F49200E6E446 /* Frameworks */ = {
			isa = PBXFrameworksBuildPhase;
			buildActionMask = 2147483647;
			files = (
			);
			runOnlyForDeploymentPostprocessing = 0;
		};
		A0CDC3662774F49200E6E446 /* Frameworks */ = {
			isa = PBXFrameworksBuildPhase;
			buildActionMask = 2147483647;
			files = (
			);
			runOnlyForDeploymentPostprocessing = 0;
		};
/* End PBXFrameworksBuildPhase section */

/* Begin PBXGroup section */
		A0CDC33F2774F49000E6E446 = {
			isa = PBXGroup;
			children = (
				A0CDC34A2774F49000E6E446 /* WorldTrotter */,
				A0CDC3612774F49200E6E446 /* WorldTrotterTests */,
				A0CDC36C2774F49200E6E446 /* WorldTrotterUITests */,
				A0CDC3492774F49000E6E446 /* Products */,
			);
			sourceTree = "<group>";
		};
		A0CDC3492774F49000E6E446 /* Products */ = {
			isa = PBXGroup;
			children = (
				A0CDC3482774F49000E6E446 /* WorldTrotter.app */,
				A0CDC35E2774F49200E6E446 /* WorldTrotterTests.xctest */,
				A0CDC3692774F49200E6E446 /* WorldTrotterUITests.xctest */,
			);
			name = Products;
			sourceTree = "<group>";
		};
		A0CDC34A2774F49000E6E446 /* WorldTrotter */ = {
			isa = PBXGroup;
			children = (
				A0CDC3812779296A00E6E446 /* MapViewController.swift */,
				A0CDC34B2774F49000E6E446 /* AppDelegate.swift */,
				A0CDC34D2774F49000E6E446 /* SceneDelegate.swift */,
				A0CDC34F2774F49000E6E446 /* ConversionViewController.swift */,
				3C85075327825E8C00A8D017 /* QuestionViewController.swift */,
				A0CDC3512774F49000E6E446 /* Main.storyboard */,
				A0CDC3542774F49100E6E446 /* Assets.xcassets */,
				A0CDC3562774F49100E6E446 /* LaunchScreen.storyboard */,
				A0CDC3592774F49100E6E446 /* Info.plist */,
			);
			path = WorldTrotter;
			sourceTree = "<group>";
		};
		A0CDC3612774F49200E6E446 /* WorldTrotterTests */ = {
			isa = PBXGroup;
			children = (
				A0CDC3622774F49200E6E446 /* WorldTrotterTests.swift */,
				A0CDC3642774F49200E6E446 /* Info.plist */,
			);
			path = WorldTrotterTests;
			sourceTree = "<group>";
		};
		A0CDC36C2774F49200E6E446 /* WorldTrotterUITests */ = {
			isa = PBXGroup;
			children = (
				A0CDC36D2774F49200E6E446 /* WorldTrotterUITests.swift */,
				A0CDC36F2774F49200E6E446 /* Info.plist */,
			);
			path = WorldTrotterUITests;
			sourceTree = "<group>";
		};
/* End PBXGroup section */

/* Begin PBXNativeTarget section */
		A0CDC3472774F49000E6E446 /* WorldTrotter */ = {
			isa = PBXNativeTarget;
			buildConfigurationList = A0CDC3722774F49200E6E446 /* Build configuration list for PBXNativeTarget "WorldTrotter" */;
			buildPhases = (
				A0CDC3442774F49000E6E446 /* Sources */,
				A0CDC3452774F49000E6E446 /* Frameworks */,
				A0CDC3462774F49000E6E446 /* Resources */,
			);
			buildRules = (
			);
			dependencies = (
			);
			name = WorldTrotter;
			productName = WorldTrotter;
			productReference = A0CDC3482774F49000E6E446 /* WorldTrotter.app */;
			productType = "com.apple.product-type.application";
		};
		A0CDC35D2774F49200E6E446 /* WorldTrotterTests */ = {
			isa = PBXNativeTarget;
			buildConfigurationList = A0CDC3752774F49200E6E446 /* Build configuration list for PBXNativeTarget "WorldTrotterTests" */;
			buildPhases = (
				A0CDC35A2774F49200E6E446 /* Sources */,
				A0CDC35B2774F49200E6E446 /* Frameworks */,
				A0CDC35C2774F49200E6E446 /* Resources */,
			);
			buildRules = (
			);
			dependencies = (
				A0CDC3602774F49200E6E446 /* PBXTargetDependency */,
			);
			name = WorldTrotterTests;
			productName = WorldTrotterTests;
			productReference = A0CDC35E2774F49200E6E446 /* WorldTrotterTests.xctest */;
			productType = "com.apple.product-type.bundle.unit-test";
		};
		A0CDC3682774F49200E6E446 /* WorldTrotterUITests */ = {
			isa = PBXNativeTarget;
			buildConfigurationList = A0CDC3782774F49200E6E446 /* Build configuration list for PBXNativeTarget "WorldTrotterUITests" */;
			buildPhases = (
				A0CDC3652774F49200E6E446 /* Sources */,
				A0CDC3662774F49200E6E446 /* Frameworks */,
				A0CDC3672774F49200E6E446 /* Resources */,
			);
			buildRules = (
			);
			dependencies = (
				A0CDC36B2774F49200E6E446 /* PBXTargetDependency */,
			);
			name = WorldTrotterUITests;
			productName = WorldTrotterUITests;
			productReference = A0CDC3692774F49200E6E446 /* WorldTrotterUITests.xctest */;
			productType = "com.apple.product-type.bundle.ui-testing";
		};
/* End PBXNativeTarget section */

/* Begin PBXProject section */
		A0CDC3402774F49000E6E446 /* Project object */ = {
			isa = PBXProject;
			attributes = {
				LastSwiftUpdateCheck = 1240;
				LastUpgradeCheck = 1240;
				TargetAttributes = {
					A0CDC3472774F49000E6E446 = {
						CreatedOnToolsVersion = 12.4;
					};
					A0CDC35D2774F49200E6E446 = {
						CreatedOnToolsVersion = 12.4;
						TestTargetID = A0CDC3472774F49000E6E446;
					};
					A0CDC3682774F49200E6E446 = {
						CreatedOnToolsVersion = 12.4;
						TestTargetID = A0CDC3472774F49000E6E446;
					};
				};
			};
			buildConfigurationList = A0CDC3432774F49000E6E446 /* Build configuration list for PBXProject "WorldTrotter" */;
			compatibilityVersion = "Xcode 9.3";
			developmentRegion = en;
			hasScannedForEncodings = 0;
			knownRegions = (
				en,
				Base,
			);
			mainGroup = A0CDC33F2774F49000E6E446;
			productRefGroup = A0CDC3492774F49000E6E446 /* Products */;
			projectDirPath = "";
			projectRoot = "";
			targets = (
				A0CDC3472774F49000E6E446 /* WorldTrotter */,
				A0CDC35D2774F49200E6E446 /* WorldTrotterTests */,
				A0CDC3682774F49200E6E446 /* WorldTrotterUITests */,
			);
		};
/* End PBXProject section */

/* Begin PBXResourcesBuildPhase section */
		A0CDC3462774F49000E6E446 /* Resources */ = {
			isa = PBXResourcesBuildPhase;
			buildActionMask = 2147483647;
			files = (
				A0CDC3582774F49100E6E446 /* LaunchScreen.storyboard in Resources */,
				A0CDC3552774F49100E6E446 /* Assets.xcassets in Resources */,
				A0CDC3532774F49000E6E446 /* Main.storyboard in Resources */,
			);
			runOnlyForDeploymentPostprocessing = 0;
		};
		A0CDC35C2774F49200E6E446 /* Resources */ = {
			isa = PBXResourcesBuildPhase;
			buildActionMask = 2147483647;
			files = (
			);
			runOnlyForDeploymentPostprocessing = 0;
		};
		A0CDC3672774F49200E6E446 /* Resources */ = {
			isa = PBXResourcesBuildPhase;
			buildActionMask = 2147483647;
			files = (
			);
			runOnlyForDeploymentPostprocessing = 0;
		};
/* End PBXResourcesBuildPhase section */

/* Begin PBXSourcesBuildPhase section */
		A0CDC3442774F49000E6E446 /* Sources */ = {
			isa = PBXSourcesBuildPhase;
			buildActionMask = 2147483647;
			files = (
				A0CDC3502774F49000E6E446 /* ConversionViewController.swift in Sources */,
				3C85075427825E8C00A8D017 /* QuestionViewController.swift in Sources */,
				A0CDC34C2774F49000E6E446 /* AppDelegate.swift in Sources */,
				A0CDC34E2774F49000E6E446 /* SceneDelegate.swift in Sources */,
				A0CDC3822779296A00E6E446 /* MapViewController.swift in Sources */,
			);
			runOnlyForDeploymentPostprocessing = 0;
		};
		A0CDC35A2774F49200E6E446 /* Sources */ = {
			isa = PBXSourcesBuildPhase;
			buildActionMask = 2147483647;
			files = (
				A0CDC3632774F49200E6E446 /* WorldTrotterTests.swift in Sources */,
			);
			runOnlyForDeploymentPostprocessing = 0;
		};
		A0CDC3652774F49200E6E446 /* Sources */ = {
			isa = PBXSourcesBuildPhase;
			buildActionMask = 2147483647;
			files = (
				A0CDC36E2774F49200E6E446 /* WorldTrotterUITests.swift in Sources */,
			);
			runOnlyForDeploymentPostprocessing = 0;
		};
/* End PBXSourcesBuildPhase section */

/* Begin PBXTargetDependency section */
		A0CDC3602774F49200E6E446 /* PBXTargetDependency */ = {
			isa = PBXTargetDependency;
			target = A0CDC3472774F49000E6E446 /* WorldTrotter */;
			targetProxy = A0CDC35F2774F49200E6E446 /* PBXContainerItemProxy */;
		};
		A0CDC36B2774F49200E6E446 /* PBXTargetDependency */ = {
			isa = PBXTargetDependency;
			target = A0CDC3472774F49000E6E446 /* WorldTrotter */;
			targetProxy = A0CDC36A2774F49200E6E446 /* PBXContainerItemProxy */;
		};
/* End PBXTargetDependency section */

/* Begin PBXVariantGroup section */
		A0CDC3512774F49000E6E446 /* Main.storyboard */ = {
			isa = PBXVariantGroup;
			children = (
				A0CDC3522774F49000E6E446 /* Base */,
			);
			name = Main.storyboard;
			sourceTree = "<group>";
		};
		A0CDC3562774F49100E6E446 /* LaunchScreen.storyboard */ = {
			isa = PBXVariantGroup;
			children = (
				A0CDC3572774F49100E6E446 /* Base */,
			);
			name = LaunchScreen.storyboard;
			sourceTree = "<group>";
		};
/* End PBXVariantGroup section */

/* Begin XCBuildConfiguration section */
		A0CDC3702774F49200E6E446 /* Debug */ = {
			isa = XCBuildConfiguration;
			buildSettings = {
				ALWAYS_SEARCH_USER_PATHS = NO;
				CLANG_ANALYZER_NONNULL = YES;
				CLANG_ANALYZER_NUMBER_OBJECT_CONVERSION = YES_AGGRESSIVE;
				CLANG_CXX_LANGUAGE_STANDARD = "gnu++14";
				CLANG_CXX_LIBRARY = "libc++";
				CLANG_ENABLE_MODULES = YES;
				CLANG_ENABLE_OBJC_ARC = YES;
				CLANG_ENABLE_OBJC_WEAK = YES;
				CLANG_WARN_BLOCK_CAPTURE_AUTORELEASING = YES;
				CLANG_WARN_BOOL_CONVERSION = YES;
				CLANG_WARN_COMMA = YES;
				CLANG_WARN_CONSTANT_CONVERSION = YES;
				CLANG_WARN_DEPRECATED_OBJC_IMPLEMENTATIONS = YES;
				CLANG_WARN_DIRECT_OBJC_ISA_USAGE = YES_ERROR;
				CLANG_WARN_DOCUMENTATION_COMMENTS = YES;
				CLANG_WARN_EMPTY_BODY = YES;
				CLANG_WARN_ENUM_CONVERSION = YES;
				CLANG_WARN_INFINITE_RECURSION = YES;
				CLANG_WARN_INT_CONVERSION = YES;
				CLANG_WARN_NON_LITERAL_NULL_CONVERSION = YES;
				CLANG_WARN_OBJC_IMPLICIT_RETAIN_SELF = YES;
				CLANG_WARN_OBJC_LITERAL_CONVERSION = YES;
				CLANG_WARN_OBJC_ROOT_CLASS = YES_ERROR;
				CLANG_WARN_QUOTED_INCLUDE_IN_FRAMEWORK_HEADER = YES;
				CLANG_WARN_RANGE_LOOP_ANALYSIS = YES;
				CLANG_WARN_STRICT_PROTOTYPES = YES;
				CLANG_WARN_SUSPICIOUS_MOVE = YES;
				CLANG_WARN_UNGUARDED_AVAILABILITY = YES_AGGRESSIVE;
				CLANG_WARN_UNREACHABLE_CODE = YES;
				CLANG_WARN__DUPLICATE_METHOD_MATCH = YES;
				COPY_PHASE_STRIP = NO;
				DEBUG_INFORMATION_FORMAT = dwarf;
				ENABLE_STRICT_OBJC_MSGSEND = YES;
				ENABLE_TESTABILITY = YES;
				GCC_C_LANGUAGE_STANDARD = gnu11;
				GCC_DYNAMIC_NO_PIC = NO;
				GCC_NO_COMMON_BLOCKS = YES;
				GCC_OPTIMIZATION_LEVEL = 0;
				GCC_PREPROCESSOR_DEFINITIONS = (
					"DEBUG=1",
					"$(inherited)",
				);
				GCC_WARN_64_TO_32_BIT_CONVERSION = YES;
				GCC_WARN_ABOUT_RETURN_TYPE = YES_ERROR;
				GCC_WARN_UNDECLARED_SELECTOR = YES;
				GCC_WARN_UNINITIALIZED_AUTOS = YES_AGGRESSIVE;
				GCC_WARN_UNUSED_FUNCTION = YES;
				GCC_WARN_UNUSED_VARIABLE = YES;
				IPHONEOS_DEPLOYMENT_TARGET = 14.4;
				MTL_ENABLE_DEBUG_INFO = INCLUDE_SOURCE;
				MTL_FAST_MATH = YES;
				ONLY_ACTIVE_ARCH = YES;
				SDKROOT = iphoneos;
				SWIFT_ACTIVE_COMPILATION_CONDITIONS = DEBUG;
				SWIFT_OPTIMIZATION_LEVEL = "-Onone";
			};
			name = Debug;
		};
		A0CDC3712774F49200E6E446 /* Release */ = {
			isa = XCBuildConfiguration;
			buildSettings = {
				ALWAYS_SEARCH_USER_PATHS = NO;
				CLANG_ANALYZER_NONNULL = YES;
				CLANG_ANALYZER_NUMBER_OBJECT_CONVERSION = YES_AGGRESSIVE;
				CLANG_CXX_LANGUAGE_STANDARD = "gnu++14";
				CLANG_CXX_LIBRARY = "libc++";
				CLANG_ENABLE_MODULES = YES;
				CLANG_ENABLE_OBJC_ARC = YES;
				CLANG_ENABLE_OBJC_WEAK = YES;
				CLANG_WARN_BLOCK_CAPTURE_AUTORELEASING = YES;
				CLANG_WARN_BOOL_CONVERSION = YES;
				CLANG_WARN_COMMA = YES;
				CLANG_WARN_CONSTANT_CONVERSION = YES;
				CLANG_WARN_DEPRECATED_OBJC_IMPLEMENTATIONS = YES;
				CLANG_WARN_DIRECT_OBJC_ISA_USAGE = YES_ERROR;
				CLANG_WARN_DOCUMENTATION_COMMENTS = YES;
				CLANG_WARN_EMPTY_BODY = YES;
				CLANG_WARN_ENUM_CONVERSION = YES;
				CLANG_WARN_INFINITE_RECURSION = YES;
				CLANG_WARN_INT_CONVERSION = YES;
				CLANG_WARN_NON_LITERAL_NULL_CONVERSION = YES;
				CLANG_WARN_OBJC_IMPLICIT_RETAIN_SELF = YES;
				CLANG_WARN_OBJC_LITERAL_CONVERSION = YES;
				CLANG_WARN_OBJC_ROOT_CLASS = YES_ERROR;
				CLANG_WARN_QUOTED_INCLUDE_IN_FRAMEWORK_HEADER = YES;
				CLANG_WARN_RANGE_LOOP_ANALYSIS = YES;
				CLANG_WARN_STRICT_PROTOTYPES = YES;
				CLANG_WARN_SUSPICIOUS_MOVE = YES;
				CLANG_WARN_UNGUARDED_AVAILABILITY = YES_AGGRESSIVE;
				CLANG_WARN_UNREACHABLE_CODE = YES;
				CLANG_WARN__DUPLICATE_METHOD_MATCH = YES;
				COPY_PHASE_STRIP = NO;
				DEBUG_INFORMATION_FORMAT = "dwarf-with-dsym";
				ENABLE_NS_ASSERTIONS = NO;
				ENABLE_STRICT_OBJC_MSGSEND = YES;
				GCC_C_LANGUAGE_STANDARD = gnu11;
				GCC_NO_COMMON_BLOCKS = YES;
				GCC_WARN_64_TO_32_BIT_CONVERSION = YES;
				GCC_WARN_ABOUT_RETURN_TYPE = YES_ERROR;
				GCC_WARN_UNDECLARED_SELECTOR = YES;
				GCC_WARN_UNINITIALIZED_AUTOS = YES_AGGRESSIVE;
				GCC_WARN_UNUSED_FUNCTION = YES;
				GCC_WARN_UNUSED_VARIABLE = YES;
				IPHONEOS_DEPLOYMENT_TARGET = 14.4;
				MTL_ENABLE_DEBUG_INFO = NO;
				MTL_FAST_MATH = YES;
				SDKROOT = iphoneos;
				SWIFT_COMPILATION_MODE = wholemodule;
				SWIFT_OPTIMIZATION_LEVEL = "-O";
				VALIDATE_PRODUCT = YES;
			};
			name = Release;
		};
		A0CDC3732774F49200E6E446 /* Debug */ = {
			isa = XCBuildConfiguration;
			buildSettings = {
				ASSETCATALOG_COMPILER_APPICON_NAME = AppIcon;
				ASSETCATALOG_COMPILER_GLOBAL_ACCENT_COLOR_NAME = AccentColor;
				CODE_SIGN_STYLE = Automatic;
				INFOPLIST_FILE = WorldTrotter/Info.plist;
				LD_RUNPATH_SEARCH_PATHS = (
					"$(inherited)",
					"@executable_path/Frameworks",
				);
				PRODUCT_BUNDLE_IDENTIFIER = "Smart-Muscle.WorldTrotter";
				PRODUCT_NAME = "$(TARGET_NAME)";
				SWIFT_VERSION = 5.0;
				TARGETED_DEVICE_FAMILY = "1,2";
			};
			name = Debug;
		};
		A0CDC3742774F49200E6E446 /* Release */ = {
			isa = XCBuildConfiguration;
			buildSettings = {
				ASSETCATALOG_COMPILER_APPICON_NAME = AppIcon;
				ASSETCATALOG_COMPILER_GLOBAL_ACCENT_COLOR_NAME = AccentColor;
				CODE_SIGN_STYLE = Automatic;
				INFOPLIST_FILE = WorldTrotter/Info.plist;
				LD_RUNPATH_SEARCH_PATHS = (
					"$(inherited)",
					"@executable_path/Frameworks",
				);
				PRODUCT_BUNDLE_IDENTIFIER = "Smart-Muscle.WorldTrotter";
				PRODUCT_NAME = "$(TARGET_NAME)";
				SWIFT_VERSION = 5.0;
				TARGETED_DEVICE_FAMILY = "1,2";
			};
			name = Release;
		};
		A0CDC3762774F49200E6E446 /* Debug */ = {
			isa = XCBuildConfiguration;
			buildSettings = {
				ALWAYS_EMBED_SWIFT_STANDARD_LIBRARIES = YES;
				BUNDLE_LOADER = "$(TEST_HOST)";
				CODE_SIGN_STYLE = Automatic;
				INFOPLIST_FILE = WorldTrotterTests/Info.plist;
				IPHONEOS_DEPLOYMENT_TARGET = 14.4;
				LD_RUNPATH_SEARCH_PATHS = (
					"$(inherited)",
					"@executable_path/Frameworks",
					"@loader_path/Frameworks",
				);
				PRODUCT_BUNDLE_IDENTIFIER = "Smart-Muscle.WorldTrotterTests";
				PRODUCT_NAME = "$(TARGET_NAME)";
				SWIFT_VERSION = 5.0;
				TARGETED_DEVICE_FAMILY = "1,2";
				TEST_HOST = "$(BUILT_PRODUCTS_DIR)/WorldTrotter.app/WorldTrotter";
			};
			name = Debug;
		};
		A0CDC3772774F49200E6E446 /* Release */ = {
			isa = XCBuildConfiguration;
			buildSettings = {
				ALWAYS_EMBED_SWIFT_STANDARD_LIBRARIES = YES;
				BUNDLE_LOADER = "$(TEST_HOST)";
				CODE_SIGN_STYLE = Automatic;
				INFOPLIST_FILE = WorldTrotterTests/Info.plist;
				IPHONEOS_DEPLOYMENT_TARGET = 14.4;
				LD_RUNPATH_SEARCH_PATHS = (
					"$(inherited)",
					"@executable_path/Frameworks",
					"@loader_path/Frameworks",
				);
				PRODUCT_BUNDLE_IDENTIFIER = "Smart-Muscle.WorldTrotterTests";
				PRODUCT_NAME = "$(TARGET_NAME)";
				SWIFT_VERSION = 5.0;
				TARGETED_DEVICE_FAMILY = "1,2";
				TEST_HOST = "$(BUILT_PRODUCTS_DIR)/WorldTrotter.app/WorldTrotter";
			};
			name = Release;
		};
		A0CDC3792774F49200E6E446 /* Debug */ = {
			isa = XCBuildConfiguration;
			buildSettings = {
				ALWAYS_EMBED_SWIFT_STANDARD_LIBRARIES = YES;
				CODE_SIGN_STYLE = Automatic;
				INFOPLIST_FILE = WorldTrotterUITests/Info.plist;
				LD_RUNPATH_SEARCH_PATHS = (
					"$(inherited)",
					"@executable_path/Frameworks",
					"@loader_path/Frameworks",
				);
				PRODUCT_BUNDLE_IDENTIFIER = "Smart-Muscle.WorldTrotterUITests";
				PRODUCT_NAME = "$(TARGET_NAME)";
				SWIFT_VERSION = 5.0;
				TARGETED_DEVICE_FAMILY = "1,2";
				TEST_TARGET_NAME = WorldTrotter;
			};
			name = Debug;
		};
		A0CDC37A2774F49200E6E446 /* Release */ = {
			isa = XCBuildConfiguration;
			buildSettings = {
				ALWAYS_EMBED_SWIFT_STANDARD_LIBRARIES = YES;
				CODE_SIGN_STYLE = Automatic;
				INFOPLIST_FILE = WorldTrotterUITests/Info.plist;
				LD_RUNPATH_SEARCH_PATHS = (
					"$(inherited)",
					"@executable_path/Frameworks",
					"@loader_path/Frameworks",
				);
				PRODUCT_BUNDLE_IDENTIFIER = "Smart-Muscle.WorldTrotterUITests";
				PRODUCT_NAME = "$(TARGET_NAME)";
				SWIFT_VERSION = 5.0;
				TARGETED_DEVICE_FAMILY = "1,2";
				TEST_TARGET_NAME = WorldTrotter;
			};
			name = Release;
		};
/* End XCBuildConfiguration section */

/* Begin XCConfigurationList section */
		A0CDC3432774F49000E6E446 /* Build configuration list for PBXProject "WorldTrotter" */ = {
			isa = XCConfigurationList;
			buildConfigurations = (
				A0CDC3702774F49200E6E446 /* Debug */,
				A0CDC3712774F49200E6E446 /* Release */,
			);
			defaultConfigurationIsVisible = 0;
			defaultConfigurationName = Release;
		};
		A0CDC3722774F49200E6E446 /* Build configuration list for PBXNativeTarget "WorldTrotter" */ = {
			isa = XCConfigurationList;
			buildConfigurations = (
				A0CDC3732774F49200E6E446 /* Debug */,
				A0CDC3742774F49200E6E446 /* Release */,
			);
			defaultConfigurationIsVisible = 0;
			defaultConfigurationName = Release;
		};
		A0CDC3752774F49200E6E446 /* Build configuration list for PBXNativeTarget "WorldTrotterTests" */ = {
			isa = XCConfigurationList;
			buildConfigurations = (
				A0CDC3762774F49200E6E446 /* Debug */,
				A0CDC3772774F49200E6E446 /* Release */,
			);
			defaultConfigurationIsVisible = 0;
			defaultConfigurationName = Release;
		};
		A0CDC3782774F49200E6E446 /* Build configuration list for PBXNativeTarget "WorldTrotterUITests" */ = {
			isa = XCConfigurationList;
			buildConfigurations = (
				A0CDC3792774F49200E6E446 /* Debug */,
				A0CDC37A2774F49200E6E446 /* Release */,
			);
			defaultConfigurationIsVisible = 0;
			defaultConfigurationName = Release;
		};
/* End XCConfigurationList section */
	};
	rootObject = A0CDC3402774F49000E6E446 /* Project object */;
}
